// !$*UTF8*$!
{
	archiveVersion = 1;
	classes = {
	};
	objectVersion = 56;
	objects = {

/* Begin PBXBuildFile section */
		522004A5299A7ADA000189DF /* AllProductsDataFetcher.swift in Sources */ = {isa = PBXBuildFile; fileRef = 522004A4299A7ADA000189DF /* AllProductsDataFetcher.swift */; };
		522004A7299A7D56000189DF /* AllProductsDataConverter.swift in Sources */ = {isa = PBXBuildFile; fileRef = 522004A6299A7D56000189DF /* AllProductsDataConverter.swift */; };
		522004A9299A8288000189DF /* AllProductsDataProvider.swift in Sources */ = {isa = PBXBuildFile; fileRef = 522004A8299A8288000189DF /* AllProductsDataProvider.swift */; };
		522004AE299D1602000189DF /* BestSellerView.swift in Sources */ = {isa = PBXBuildFile; fileRef = 522004AD299D1602000189DF /* BestSellerView.swift */; };
		522004B0299D3EC4000189DF /* BestSellerCollectionViewCell.swift in Sources */ = {isa = PBXBuildFile; fileRef = 522004AF299D3EC4000189DF /* BestSellerCollectionViewCell.swift */; };
		522B39C8293CA356000983DE /* AppDelegate.swift in Sources */ = {isa = PBXBuildFile; fileRef = 522B39C7293CA356000983DE /* AppDelegate.swift */; };
		522B39CA293CA356000983DE /* SceneDelegate.swift in Sources */ = {isa = PBXBuildFile; fileRef = 522B39C9293CA356000983DE /* SceneDelegate.swift */; };
		522B39D2293CA356000983DE /* EffectiveMobile_Test.xcdatamodeld in Sources */ = {isa = PBXBuildFile; fileRef = 522B39D0293CA356000983DE /* EffectiveMobile_Test.xcdatamodeld */; };
		522B39D4293CA357000983DE /* Assets.xcassets in Resources */ = {isa = PBXBuildFile; fileRef = 522B39D3293CA357000983DE /* Assets.xcassets */; };
		522B39D7293CA357000983DE /* LaunchScreen.storyboard in Resources */ = {isa = PBXBuildFile; fileRef = 522B39D5293CA357000983DE /* LaunchScreen.storyboard */; };
		522B39E9293E520B000983DE /* AllProductsViewController.swift in Sources */ = {isa = PBXBuildFile; fileRef = 522B39E8293E520B000983DE /* AllProductsViewController.swift */; };
		522B39EB293E521E000983DE /* AllProductsView.swift in Sources */ = {isa = PBXBuildFile; fileRef = 522B39EA293E521E000983DE /* AllProductsView.swift */; };
		522B39F72940AF5E000983DE /* Mark-Pro.ttf in Resources */ = {isa = PBXBuildFile; fileRef = 522B39F32940AF5D000983DE /* Mark-Pro.ttf */; };
		522B39F82940AF5E000983DE /* MarkPro-Regular.ttf in Resources */ = {isa = PBXBuildFile; fileRef = 522B39F42940AF5E000983DE /* MarkPro-Regular.ttf */; };
		522B39F92940AF5E000983DE /* MarkPro-Medium.ttf in Resources */ = {isa = PBXBuildFile; fileRef = 522B39F52940AF5E000983DE /* MarkPro-Medium.ttf */; };
		522B39FC2940B71F000983DE /* SearchView.swift in Sources */ = {isa = PBXBuildFile; fileRef = 522B39FB2940B71F000983DE /* SearchView.swift */; };
		5258CF6F299FCD2300BE482C /* CustomTabBarController.swift in Sources */ = {isa = PBXBuildFile; fileRef = 5258CF6E299FCD2300BE482C /* CustomTabBarController.swift */; };
		5258CF73299FE21A00BE482C /* FavouritesViewController.swift in Sources */ = {isa = PBXBuildFile; fileRef = 5258CF72299FE21A00BE482C /* FavouritesViewController.swift */; };
		5258CF75299FE23B00BE482C /* FavouritesView.swift in Sources */ = {isa = PBXBuildFile; fileRef = 5258CF74299FE23B00BE482C /* FavouritesView.swift */; };
		5258CF7829C48E8700BE482C /* AppDataController.swift in Sources */ = {isa = PBXBuildFile; fileRef = 5258CF7729C48E8700BE482C /* AppDataController.swift */; };
		5258CF7A29C490C700BE482C /* PhonesDataStorage.swift in Sources */ = {isa = PBXBuildFile; fileRef = 5258CF7929C490C700BE482C /* PhonesDataStorage.swift */; };
		5258CF7C29C4F96000BE482C /* FavouritesViewModel.swift in Sources */ = {isa = PBXBuildFile; fileRef = 5258CF7B29C4F96000BE482C /* FavouritesViewModel.swift */; };
		527F43562943382700B743C3 /* HotSalesPhoneView.swift in Sources */ = {isa = PBXBuildFile; fileRef = 527F43552943382700B743C3 /* HotSalesPhoneView.swift */; };
		527F435D2944D7FD00B743C3 /* AllProductsViewModel.swift in Sources */ = {isa = PBXBuildFile; fileRef = 527F435C2944D7FD00B743C3 /* AllProductsViewModel.swift */; };
		527F435F2944DB3B00B743C3 /* CategoriesDataProvider.swift in Sources */ = {isa = PBXBuildFile; fileRef = 527F435E2944DB3B00B743C3 /* CategoriesDataProvider.swift */; };
		52F603882940DA91007D16D9 /* CategoriesData.swift in Sources */ = {isa = PBXBuildFile; fileRef = 52F603872940DA91007D16D9 /* CategoriesData.swift */; };
		52F6038C2940E53B007D16D9 /* CategoriesCollectionViewCell.swift in Sources */ = {isa = PBXBuildFile; fileRef = 52F6038B2940E53B007D16D9 /* CategoriesCollectionViewCell.swift */; };
		52F6039529421CCD007D16D9 /* ViewSetuping.swift in Sources */ = {isa = PBXBuildFile; fileRef = 52F6039429421CCD007D16D9 /* ViewSetuping.swift */; };
		52F6039B29422D40007D16D9 /* HotSalesView.swift in Sources */ = {isa = PBXBuildFile; fileRef = 52F6039A29422D40007D16D9 /* HotSalesView.swift */; };
		52F75E6629CB96E7005B5303 /* AllProductsDataModel.swift in Sources */ = {isa = PBXBuildFile; fileRef = 52F75E6529CB96E7005B5303 /* AllProductsDataModel.swift */; };
		52F75E6A29CB9EF5005B5303 /* ProductDetailsView.swift in Sources */ = {isa = PBXBuildFile; fileRef = 52F75E6929CB9EF5005B5303 /* ProductDetailsView.swift */; };
		52F75E6C29CB9F0A005B5303 /* ProductDetailsViewController.swift in Sources */ = {isa = PBXBuildFile; fileRef = 52F75E6B29CB9F0A005B5303 /* ProductDetailsViewController.swift */; };
		52F75E6E29CDFC4B005B5303 /* ProductConfigurationView.swift in Sources */ = {isa = PBXBuildFile; fileRef = 52F75E6D29CDFC4B005B5303 /* ProductConfigurationView.swift */; };
		52F75E7029CE00EC005B5303 /* ProductRatingView.swift in Sources */ = {isa = PBXBuildFile; fileRef = 52F75E6F29CE00EC005B5303 /* ProductRatingView.swift */; };
		52F75E7129CFADE4005B5303 /* Mark-Pro-Bold.ttf in Resources */ = {isa = PBXBuildFile; fileRef = 522B39F62940AF5E000983DE /* Mark-Pro-Bold.ttf */; };
		52F75E7529CFB127005B5303 /* ProductInfoShopView.swift in Sources */ = {isa = PBXBuildFile; fileRef = 52F75E7429CFB127005B5303 /* ProductInfoShopView.swift */; };
		52F75E7729CFB13C005B5303 /* ProductInfoDetailsView.swift in Sources */ = {isa = PBXBuildFile; fileRef = 52F75E7629CFB13C005B5303 /* ProductInfoDetailsView.swift */; };
		52F75E7929CFB14D005B5303 /* ProductInfoFeaturesView.swift in Sources */ = {isa = PBXBuildFile; fileRef = 52F75E7829CFB14D005B5303 /* ProductInfoFeaturesView.swift */; };
		52F75E7B29CFB15C005B5303 /* CartButtonView.swift in Sources */ = {isa = PBXBuildFile; fileRef = 52F75E7A29CFB15C005B5303 /* CartButtonView.swift */; };
/* End PBXBuildFile section */

/* Begin PBXFileReference section */
		522004A4299A7ADA000189DF /* AllProductsDataFetcher.swift */ = {isa = PBXFileReference; lastKnownFileType = sourcecode.swift; path = AllProductsDataFetcher.swift; sourceTree = "<group>"; };
		522004A6299A7D56000189DF /* AllProductsDataConverter.swift */ = {isa = PBXFileReference; lastKnownFileType = sourcecode.swift; path = AllProductsDataConverter.swift; sourceTree = "<group>"; };
		522004A8299A8288000189DF /* AllProductsDataProvider.swift */ = {isa = PBXFileReference; lastKnownFileType = sourcecode.swift; path = AllProductsDataProvider.swift; sourceTree = "<group>"; };
		522004AD299D1602000189DF /* BestSellerView.swift */ = {isa = PBXFileReference; lastKnownFileType = sourcecode.swift; path = BestSellerView.swift; sourceTree = "<group>"; };
		522004AF299D3EC4000189DF /* BestSellerCollectionViewCell.swift */ = {isa = PBXFileReference; lastKnownFileType = sourcecode.swift; path = BestSellerCollectionViewCell.swift; sourceTree = "<group>"; };
		522B39C4293CA356000983DE /* EffectiveMobile-Test.app */ = {isa = PBXFileReference; explicitFileType = wrapper.application; includeInIndex = 0; path = "EffectiveMobile-Test.app"; sourceTree = BUILT_PRODUCTS_DIR; };
		522B39C7293CA356000983DE /* AppDelegate.swift */ = {isa = PBXFileReference; lastKnownFileType = sourcecode.swift; path = AppDelegate.swift; sourceTree = "<group>"; };
		522B39C9293CA356000983DE /* SceneDelegate.swift */ = {isa = PBXFileReference; lastKnownFileType = sourcecode.swift; path = SceneDelegate.swift; sourceTree = "<group>"; };
		522B39D1293CA356000983DE /* EffectiveMobile_Test.xcdatamodel */ = {isa = PBXFileReference; lastKnownFileType = wrapper.xcdatamodel; path = EffectiveMobile_Test.xcdatamodel; sourceTree = "<group>"; };
		522B39D3293CA357000983DE /* Assets.xcassets */ = {isa = PBXFileReference; lastKnownFileType = folder.assetcatalog; path = Assets.xcassets; sourceTree = "<group>"; };
		522B39D6293CA357000983DE /* Base */ = {isa = PBXFileReference; lastKnownFileType = file.storyboard; name = Base; path = Base.lproj/LaunchScreen.storyboard; sourceTree = "<group>"; };
		522B39D8293CA357000983DE /* Info.plist */ = {isa = PBXFileReference; lastKnownFileType = text.plist.xml; path = Info.plist; sourceTree = "<group>"; };
		522B39E8293E520B000983DE /* AllProductsViewController.swift */ = {isa = PBXFileReference; lastKnownFileType = sourcecode.swift; path = AllProductsViewController.swift; sourceTree = "<group>"; };
		522B39EA293E521E000983DE /* AllProductsView.swift */ = {isa = PBXFileReference; lastKnownFileType = sourcecode.swift; path = AllProductsView.swift; sourceTree = "<group>"; };
		522B39F32940AF5D000983DE /* Mark-Pro.ttf */ = {isa = PBXFileReference; lastKnownFileType = file; path = "Mark-Pro.ttf"; sourceTree = "<group>"; };
		522B39F42940AF5E000983DE /* MarkPro-Regular.ttf */ = {isa = PBXFileReference; lastKnownFileType = file; path = "MarkPro-Regular.ttf"; sourceTree = "<group>"; };
		522B39F52940AF5E000983DE /* MarkPro-Medium.ttf */ = {isa = PBXFileReference; lastKnownFileType = file; path = "MarkPro-Medium.ttf"; sourceTree = "<group>"; };
		522B39F62940AF5E000983DE /* Mark-Pro-Bold.ttf */ = {isa = PBXFileReference; lastKnownFileType = file; path = "Mark-Pro-Bold.ttf"; sourceTree = "<group>"; };
		522B39FB2940B71F000983DE /* SearchView.swift */ = {isa = PBXFileReference; lastKnownFileType = sourcecode.swift; path = SearchView.swift; sourceTree = "<group>"; };
		5258CF6E299FCD2300BE482C /* CustomTabBarController.swift */ = {isa = PBXFileReference; lastKnownFileType = sourcecode.swift; path = CustomTabBarController.swift; sourceTree = "<group>"; };
		5258CF72299FE21A00BE482C /* FavouritesViewController.swift */ = {isa = PBXFileReference; lastKnownFileType = sourcecode.swift; path = FavouritesViewController.swift; sourceTree = "<group>"; };
		5258CF74299FE23B00BE482C /* FavouritesView.swift */ = {isa = PBXFileReference; lastKnownFileType = sourcecode.swift; path = FavouritesView.swift; sourceTree = "<group>"; };
		5258CF7729C48E8700BE482C /* AppDataController.swift */ = {isa = PBXFileReference; lastKnownFileType = sourcecode.swift; path = AppDataController.swift; sourceTree = "<group>"; };
		5258CF7929C490C700BE482C /* PhonesDataStorage.swift */ = {isa = PBXFileReference; lastKnownFileType = sourcecode.swift; path = PhonesDataStorage.swift; sourceTree = "<group>"; };
		5258CF7B29C4F96000BE482C /* FavouritesViewModel.swift */ = {isa = PBXFileReference; lastKnownFileType = sourcecode.swift; path = FavouritesViewModel.swift; sourceTree = "<group>"; };
		527F43552943382700B743C3 /* HotSalesPhoneView.swift */ = {isa = PBXFileReference; lastKnownFileType = sourcecode.swift; path = HotSalesPhoneView.swift; sourceTree = "<group>"; };
		527F435C2944D7FD00B743C3 /* AllProductsViewModel.swift */ = {isa = PBXFileReference; lastKnownFileType = sourcecode.swift; path = AllProductsViewModel.swift; sourceTree = "<group>"; };
		527F435E2944DB3B00B743C3 /* CategoriesDataProvider.swift */ = {isa = PBXFileReference; lastKnownFileType = sourcecode.swift; path = CategoriesDataProvider.swift; sourceTree = "<group>"; };
		52F603872940DA91007D16D9 /* CategoriesData.swift */ = {isa = PBXFileReference; lastKnownFileType = sourcecode.swift; path = CategoriesData.swift; sourceTree = "<group>"; };
		52F6038B2940E53B007D16D9 /* CategoriesCollectionViewCell.swift */ = {isa = PBXFileReference; lastKnownFileType = sourcecode.swift; path = CategoriesCollectionViewCell.swift; sourceTree = "<group>"; };
		52F6039429421CCD007D16D9 /* ViewSetuping.swift */ = {isa = PBXFileReference; lastKnownFileType = sourcecode.swift; path = ViewSetuping.swift; sourceTree = "<group>"; };
		52F6039A29422D40007D16D9 /* HotSalesView.swift */ = {isa = PBXFileReference; lastKnownFileType = sourcecode.swift; path = HotSalesView.swift; sourceTree = "<group>"; };
		52F75E6529CB96E7005B5303 /* AllProductsDataModel.swift */ = {isa = PBXFileReference; lastKnownFileType = sourcecode.swift; path = AllProductsDataModel.swift; sourceTree = "<group>"; };
		52F75E6929CB9EF5005B5303 /* ProductDetailsView.swift */ = {isa = PBXFileReference; lastKnownFileType = sourcecode.swift; path = ProductDetailsView.swift; sourceTree = "<group>"; };
		52F75E6B29CB9F0A005B5303 /* ProductDetailsViewController.swift */ = {isa = PBXFileReference; lastKnownFileType = sourcecode.swift; path = ProductDetailsViewController.swift; sourceTree = "<group>"; };
		52F75E6D29CDFC4B005B5303 /* ProductConfigurationView.swift */ = {isa = PBXFileReference; lastKnownFileType = sourcecode.swift; path = ProductConfigurationView.swift; sourceTree = "<group>"; };
		52F75E6F29CE00EC005B5303 /* ProductRatingView.swift */ = {isa = PBXFileReference; lastKnownFileType = sourcecode.swift; path = ProductRatingView.swift; sourceTree = "<group>"; };
		52F75E7429CFB127005B5303 /* ProductInfoShopView.swift */ = {isa = PBXFileReference; lastKnownFileType = sourcecode.swift; path = ProductInfoShopView.swift; sourceTree = "<group>"; };
		52F75E7629CFB13C005B5303 /* ProductInfoDetailsView.swift */ = {isa = PBXFileReference; lastKnownFileType = sourcecode.swift; path = ProductInfoDetailsView.swift; sourceTree = "<group>"; };
		52F75E7829CFB14D005B5303 /* ProductInfoFeaturesView.swift */ = {isa = PBXFileReference; lastKnownFileType = sourcecode.swift; path = ProductInfoFeaturesView.swift; sourceTree = "<group>"; };
		52F75E7A29CFB15C005B5303 /* CartButtonView.swift */ = {isa = PBXFileReference; lastKnownFileType = sourcecode.swift; path = CartButtonView.swift; sourceTree = "<group>"; };
/* End PBXFileReference section */

/* Begin PBXFrameworksBuildPhase section */
		522B39C1293CA356000983DE /* Frameworks */ = {
			isa = PBXFrameworksBuildPhase;
			buildActionMask = 2147483647;
			files = (
			);
			runOnlyForDeploymentPostprocessing = 0;
		};
/* End PBXFrameworksBuildPhase section */

/* Begin PBXGroup section */
		522004AC299D15A6000189DF /* BestSeller */ = {
			isa = PBXGroup;
			children = (
				522004AD299D1602000189DF /* BestSellerView.swift */,
				522004AF299D3EC4000189DF /* BestSellerCollectionViewCell.swift */,
			);
			path = BestSeller;
			sourceTree = "<group>";
		};
		522B39BB293CA356000983DE = {
			isa = PBXGroup;
			children = (
				522B39C6293CA356000983DE /* EffectiveMobile-Test */,
				522B39C5293CA356000983DE /* Products */,
			);
			sourceTree = "<group>";
		};
		522B39C5293CA356000983DE /* Products */ = {
			isa = PBXGroup;
			children = (
				522B39C4293CA356000983DE /* EffectiveMobile-Test.app */,
			);
			name = Products;
			sourceTree = "<group>";
		};
		522B39C6293CA356000983DE /* EffectiveMobile-Test */ = {
			isa = PBXGroup;
			children = (
				5258CF7629C48E6E00BE482C /* DataStorage */,
				52F6039129421C82007D16D9 /* GlobalProtocols */,
				522B39E2293E4CDA000983DE /* TabBar */,
				522B39DE293E4815000983DE /* LoadingScreen */,
				522B39DF293E483F000983DE /* AllProductsScreen */,
				522B39E0293E4864000983DE /* ProductDetailsScreen */,
				522B39E1293E4876000983DE /* CartScreen */,
				522B39E3293E4D2A000983DE /* FavouritesScreen */,
				522B39C7293CA356000983DE /* AppDelegate.swift */,
				522B39C9293CA356000983DE /* SceneDelegate.swift */,
				522B39D3293CA357000983DE /* Assets.xcassets */,
				522B39D5293CA357000983DE /* LaunchScreen.storyboard */,
				522B39D8293CA357000983DE /* Info.plist */,
				522B39EF2940AD27000983DE /* fonts */,
			);
			path = "EffectiveMobile-Test";
			sourceTree = "<group>";
		};
		522B39DE293E4815000983DE /* LoadingScreen */ = {
			isa = PBXGroup;
			children = (
			);
			path = LoadingScreen;
			sourceTree = "<group>";
		};
		522B39DF293E483F000983DE /* AllProductsScreen */ = {
			isa = PBXGroup;
			children = (
				52F75E6429CB9673005B5303 /* AllProductsDataModel */,
				522B39E5293E510A000983DE /* AllProductsViewModel */,
				522B39E7293E5124000983DE /* AllProductsView */,
			);
			path = AllProductsScreen;
			sourceTree = "<group>";
		};
		522B39E0293E4864000983DE /* ProductDetailsScreen */ = {
			isa = PBXGroup;
			children = (
				52F75E6829CB9944005B5303 /* ProductDetailsViewModel */,
				52F75E6729CB9930005B5303 /* ProductDetailsView */,
			);
			path = ProductDetailsScreen;
			sourceTree = "<group>";
		};
		522B39E1293E4876000983DE /* CartScreen */ = {
			isa = PBXGroup;
			children = (
			);
			path = CartScreen;
			sourceTree = "<group>";
		};
		522B39E2293E4CDA000983DE /* TabBar */ = {
			isa = PBXGroup;
			children = (
				5258CF6E299FCD2300BE482C /* CustomTabBarController.swift */,
			);
			path = TabBar;
			sourceTree = "<group>";
		};
		522B39E3293E4D2A000983DE /* FavouritesScreen */ = {
			isa = PBXGroup;
			children = (
				52F75E6329CB9643005B5303 /* FavouritesViewModel */,
				52F75E6229CB962D005B5303 /* FavouritesView */,
			);
			path = FavouritesScreen;
			sourceTree = "<group>";
		};
		522B39E5293E510A000983DE /* AllProductsViewModel */ = {
			isa = PBXGroup;
			children = (
				527F435C2944D7FD00B743C3 /* AllProductsViewModel.swift */,
			);
			path = AllProductsViewModel;
			sourceTree = "<group>";
		};
		522B39E7293E5124000983DE /* AllProductsView */ = {
			isa = PBXGroup;
			children = (
				522B39E8293E520B000983DE /* AllProductsViewController.swift */,
				522B39EA293E521E000983DE /* AllProductsView.swift */,
				527F43592944D78000B743C3 /* Categories */,
				527F435B2944D7AC00B743C3 /* Search */,
				527F435A2944D79300B743C3 /* HotSales */,
				522004AC299D15A6000189DF /* BestSeller */,
			);
			path = AllProductsView;
			sourceTree = "<group>";
		};
		522B39EF2940AD27000983DE /* fonts */ = {
			isa = PBXGroup;
			children = (
				522B39F62940AF5E000983DE /* Mark-Pro-Bold.ttf */,
				522B39F32940AF5D000983DE /* Mark-Pro.ttf */,
				522B39F52940AF5E000983DE /* MarkPro-Medium.ttf */,
				522B39F42940AF5E000983DE /* MarkPro-Regular.ttf */,
			);
			path = fonts;
			sourceTree = "<group>";
		};
		5258CF7629C48E6E00BE482C /* DataStorage */ = {
			isa = PBXGroup;
			children = (
				522B39D0293CA356000983DE /* EffectiveMobile_Test.xcdatamodeld */,
				5258CF7729C48E8700BE482C /* AppDataController.swift */,
				5258CF7929C490C700BE482C /* PhonesDataStorage.swift */,
			);
			path = DataStorage;
			sourceTree = "<group>";
		};
		527F43592944D78000B743C3 /* Categories */ = {
			isa = PBXGroup;
			children = (
				52F6038B2940E53B007D16D9 /* CategoriesCollectionViewCell.swift */,
			);
			path = Categories;
			sourceTree = "<group>";
		};
		527F435A2944D79300B743C3 /* HotSales */ = {
			isa = PBXGroup;
			children = (
				52F6039A29422D40007D16D9 /* HotSalesView.swift */,
				527F43552943382700B743C3 /* HotSalesPhoneView.swift */,
			);
			path = HotSales;
			sourceTree = "<group>";
		};
		527F435B2944D7AC00B743C3 /* Search */ = {
			isa = PBXGroup;
			children = (
				522B39FB2940B71F000983DE /* SearchView.swift */,
			);
			path = Search;
			sourceTree = "<group>";
		};
		52F6039129421C82007D16D9 /* GlobalProtocols */ = {
			isa = PBXGroup;
			children = (
				52F6039429421CCD007D16D9 /* ViewSetuping.swift */,
			);
			path = GlobalProtocols;
			sourceTree = "<group>";
		};
		52F75E6229CB962D005B5303 /* FavouritesView */ = {
			isa = PBXGroup;
			children = (
				5258CF72299FE21A00BE482C /* FavouritesViewController.swift */,
				5258CF74299FE23B00BE482C /* FavouritesView.swift */,
			);
			path = FavouritesView;
			sourceTree = "<group>";
		};
		52F75E6329CB9643005B5303 /* FavouritesViewModel */ = {
			isa = PBXGroup;
			children = (
				5258CF7B29C4F96000BE482C /* FavouritesViewModel.swift */,
			);
			path = FavouritesViewModel;
			sourceTree = "<group>";
		};
		52F75E6429CB9673005B5303 /* AllProductsDataModel */ = {
			isa = PBXGroup;
			children = (
				52F603872940DA91007D16D9 /* CategoriesData.swift */,
				527F435E2944DB3B00B743C3 /* CategoriesDataProvider.swift */,
				52F75E6529CB96E7005B5303 /* AllProductsDataModel.swift */,
				522004A4299A7ADA000189DF /* AllProductsDataFetcher.swift */,
				522004A6299A7D56000189DF /* AllProductsDataConverter.swift */,
				522004A8299A8288000189DF /* AllProductsDataProvider.swift */,
			);
			path = AllProductsDataModel;
			sourceTree = "<group>";
		};
		52F75E6729CB9930005B5303 /* ProductDetailsView */ = {
			isa = PBXGroup;
			children = (
				52F75E6B29CB9F0A005B5303 /* ProductDetailsViewController.swift */,
				52F75E6929CB9EF5005B5303 /* ProductDetailsView.swift */,
				52F75E7329CFB0F3005B5303 /* ProductDetailsSubviews */,
			);
			path = ProductDetailsView;
			sourceTree = "<group>";
		};
		52F75E6829CB9944005B5303 /* ProductDetailsViewModel */ = {
			isa = PBXGroup;
			children = (
			);
			path = ProductDetailsViewModel;
			sourceTree = "<group>";
		};
		52F75E7329CFB0F3005B5303 /* ProductDetailsSubviews */ = {
			isa = PBXGroup;
			children = (
				52F75E6D29CDFC4B005B5303 /* ProductConfigurationView.swift */,
				52F75E7C29CFB173005B5303 /* ProductConfigurationSubviews */,
			);
			path = ProductDetailsSubviews;
			sourceTree = "<group>";
		};
		52F75E7C29CFB173005B5303 /* ProductConfigurationSubviews */ = {
			isa = PBXGroup;
			children = (
				52F75E6F29CE00EC005B5303 /* ProductRatingView.swift */,
				52F75E7429CFB127005B5303 /* ProductInfoShopView.swift */,
				52F75E7629CFB13C005B5303 /* ProductInfoDetailsView.swift */,
				52F75E7829CFB14D005B5303 /* ProductInfoFeaturesView.swift */,
				52F75E7A29CFB15C005B5303 /* CartButtonView.swift */,
			);
			path = ProductConfigurationSubviews;
			sourceTree = "<group>";
		};
/* End PBXGroup section */

/* Begin PBXNativeTarget section */
		522B39C3293CA356000983DE /* EffectiveMobile-Test */ = {
			isa = PBXNativeTarget;
			buildConfigurationList = 522B39DB293CA357000983DE /* Build configuration list for PBXNativeTarget "EffectiveMobile-Test" */;
			buildPhases = (
				522B39C0293CA356000983DE /* Sources */,
				522B39C1293CA356000983DE /* Frameworks */,
				522B39C2293CA356000983DE /* Resources */,
			);
			buildRules = (
			);
			dependencies = (
			);
			name = "EffectiveMobile-Test";
			productName = "EffectiveMobile-Test";
			productReference = 522B39C4293CA356000983DE /* EffectiveMobile-Test.app */;
			productType = "com.apple.product-type.application";
		};
/* End PBXNativeTarget section */

/* Begin PBXProject section */
		522B39BC293CA356000983DE /* Project object */ = {
			isa = PBXProject;
			attributes = {
				BuildIndependentTargetsInParallel = 1;
				LastSwiftUpdateCheck = 1410;
				LastUpgradeCheck = 1410;
				TargetAttributes = {
					522B39C3293CA356000983DE = {
						CreatedOnToolsVersion = 14.1;
					};
				};
			};
			buildConfigurationList = 522B39BF293CA356000983DE /* Build configuration list for PBXProject "EffectiveMobile-Test" */;
			compatibilityVersion = "Xcode 14.0";
			developmentRegion = en;
			hasScannedForEncodings = 0;
			knownRegions = (
				en,
				Base,
			);
			mainGroup = 522B39BB293CA356000983DE;
			productRefGroup = 522B39C5293CA356000983DE /* Products */;
			projectDirPath = "";
			projectRoot = "";
			targets = (
				522B39C3293CA356000983DE /* EffectiveMobile-Test */,
			);
		};
/* End PBXProject section */

/* Begin PBXResourcesBuildPhase section */
		522B39C2293CA356000983DE /* Resources */ = {
			isa = PBXResourcesBuildPhase;
			buildActionMask = 2147483647;
			files = (
				52F75E7129CFADE4005B5303 /* Mark-Pro-Bold.ttf in Resources */,
				522B39F72940AF5E000983DE /* Mark-Pro.ttf in Resources */,
				522B39D7293CA357000983DE /* LaunchScreen.storyboard in Resources */,
				522B39F82940AF5E000983DE /* MarkPro-Regular.ttf in Resources */,
				522B39D4293CA357000983DE /* Assets.xcassets in Resources */,
				522B39F92940AF5E000983DE /* MarkPro-Medium.ttf in Resources */,
			);
			runOnlyForDeploymentPostprocessing = 0;
		};
/* End PBXResourcesBuildPhase section */

/* Begin PBXSourcesBuildPhase section */
		522B39C0293CA356000983DE /* Sources */ = {
			isa = PBXSourcesBuildPhase;
			buildActionMask = 2147483647;
			files = (
				52F6038C2940E53B007D16D9 /* CategoriesCollectionViewCell.swift in Sources */,
				52F75E6629CB96E7005B5303 /* AllProductsDataModel.swift in Sources */,
				52F75E7729CFB13C005B5303 /* ProductInfoDetailsView.swift in Sources */,
				527F435F2944DB3B00B743C3 /* CategoriesDataProvider.swift in Sources */,
				5258CF6F299FCD2300BE482C /* CustomTabBarController.swift in Sources */,
				522B39C8293CA356000983DE /* AppDelegate.swift in Sources */,
				52F75E7B29CFB15C005B5303 /* CartButtonView.swift in Sources */,
				5258CF7829C48E8700BE482C /* AppDataController.swift in Sources */,
				52F75E6C29CB9F0A005B5303 /* ProductDetailsViewController.swift in Sources */,
				52F6039529421CCD007D16D9 /* ViewSetuping.swift in Sources */,
				52F75E7529CFB127005B5303 /* ProductInfoShopView.swift in Sources */,
				527F435D2944D7FD00B743C3 /* AllProductsViewModel.swift in Sources */,
				52F75E6E29CDFC4B005B5303 /* ProductConfigurationView.swift in Sources */,
				522B39EB293E521E000983DE /* AllProductsView.swift in Sources */,
				522B39CA293CA356000983DE /* SceneDelegate.swift in Sources */,
				5258CF7C29C4F96000BE482C /* FavouritesViewModel.swift in Sources */,
				522B39E9293E520B000983DE /* AllProductsViewController.swift in Sources */,
				522B39FC2940B71F000983DE /* SearchView.swift in Sources */,
				522004A9299A8288000189DF /* AllProductsDataProvider.swift in Sources */,
				5258CF73299FE21A00BE482C /* FavouritesViewController.swift in Sources */,
				522004AE299D1602000189DF /* BestSellerView.swift in Sources */,
				522004A5299A7ADA000189DF /* AllProductsDataFetcher.swift in Sources */,
				522B39D2293CA356000983DE /* EffectiveMobile_Test.xcdatamodeld in Sources */,
				5258CF75299FE23B00BE482C /* FavouritesView.swift in Sources */,
				527F43562943382700B743C3 /* HotSalesPhoneView.swift in Sources */,
				522004A7299A7D56000189DF /* AllProductsDataConverter.swift in Sources */,
				522004B0299D3EC4000189DF /* BestSellerCollectionViewCell.swift in Sources */,
				52F603882940DA91007D16D9 /* CategoriesData.swift in Sources */,
				52F75E6A29CB9EF5005B5303 /* ProductDetailsView.swift in Sources */,
				5258CF7A29C490C700BE482C /* PhonesDataStorage.swift in Sources */,
				52F6039B29422D40007D16D9 /* HotSalesView.swift in Sources */,
				52F75E7029CE00EC005B5303 /* ProductRatingView.swift in Sources */,
				52F75E7929CFB14D005B5303 /* ProductInfoFeaturesView.swift in Sources */,
			);
			runOnlyForDeploymentPostprocessing = 0;
		};
/* End PBXSourcesBuildPhase section */

/* Begin PBXVariantGroup section */
		522B39D5293CA357000983DE /* LaunchScreen.storyboard */ = {
			isa = PBXVariantGroup;
			children = (
				522B39D6293CA357000983DE /* Base */,
			);
			name = LaunchScreen.storyboard;
			sourceTree = "<group>";
		};
/* End PBXVariantGroup section */

/* Begin XCBuildConfiguration section */
		522B39D9293CA357000983DE /* Debug */ = {
			isa = XCBuildConfiguration;
			buildSettings = {
				ALWAYS_SEARCH_USER_PATHS = NO;
				CLANG_ANALYZER_NONNULL = YES;
				CLANG_ANALYZER_NUMBER_OBJECT_CONVERSION = YES_AGGRESSIVE;
				CLANG_CXX_LANGUAGE_STANDARD = "gnu++20";
				CLANG_ENABLE_MODULES = YES;
				CLANG_ENABLE_OBJC_ARC = YES;
				CLANG_ENABLE_OBJC_WEAK = YES;
				CLANG_WARN_BLOCK_CAPTURE_AUTORELEASING = YES;
				CLANG_WARN_BOOL_CONVERSION = YES;
				CLANG_WARN_COMMA = YES;
				CLANG_WARN_CONSTANT_CONVERSION = YES;
				CLANG_WARN_DEPRECATED_OBJC_IMPLEMENTATIONS = YES;
				CLANG_WARN_DIRECT_OBJC_ISA_USAGE = YES_ERROR;
				CLANG_WARN_DOCUMENTATION_COMMENTS = YES;
				CLANG_WARN_EMPTY_BODY = YES;
				CLANG_WARN_ENUM_CONVERSION = YES;
				CLANG_WARN_INFINITE_RECURSION = YES;
				CLANG_WARN_INT_CONVERSION = YES;
				CLANG_WARN_NON_LITERAL_NULL_CONVERSION = YES;
				CLANG_WARN_OBJC_IMPLICIT_RETAIN_SELF = YES;
				CLANG_WARN_OBJC_LITERAL_CONVERSION = YES;
				CLANG_WARN_OBJC_ROOT_CLASS = YES_ERROR;
				CLANG_WARN_QUOTED_INCLUDE_IN_FRAMEWORK_HEADER = YES;
				CLANG_WARN_RANGE_LOOP_ANALYSIS = YES;
				CLANG_WARN_STRICT_PROTOTYPES = YES;
				CLANG_WARN_SUSPICIOUS_MOVE = YES;
				CLANG_WARN_UNGUARDED_AVAILABILITY = YES_AGGRESSIVE;
				CLANG_WARN_UNREACHABLE_CODE = YES;
				CLANG_WARN__DUPLICATE_METHOD_MATCH = YES;
				COPY_PHASE_STRIP = NO;
				DEBUG_INFORMATION_FORMAT = dwarf;
				ENABLE_STRICT_OBJC_MSGSEND = YES;
				ENABLE_TESTABILITY = YES;
				GCC_C_LANGUAGE_STANDARD = gnu11;
				GCC_DYNAMIC_NO_PIC = NO;
				GCC_NO_COMMON_BLOCKS = YES;
				GCC_OPTIMIZATION_LEVEL = 0;
				GCC_PREPROCESSOR_DEFINITIONS = (
					"DEBUG=1",
					"$(inherited)",
				);
				GCC_WARN_64_TO_32_BIT_CONVERSION = YES;
				GCC_WARN_ABOUT_RETURN_TYPE = YES_ERROR;
				GCC_WARN_UNDECLARED_SELECTOR = YES;
				GCC_WARN_UNINITIALIZED_AUTOS = YES_AGGRESSIVE;
				GCC_WARN_UNUSED_FUNCTION = YES;
				GCC_WARN_UNUSED_VARIABLE = YES;
				IPHONEOS_DEPLOYMENT_TARGET = 16.1;
				MTL_ENABLE_DEBUG_INFO = INCLUDE_SOURCE;
				MTL_FAST_MATH = YES;
				ONLY_ACTIVE_ARCH = YES;
				SDKROOT = iphoneos;
				SWIFT_ACTIVE_COMPILATION_CONDITIONS = DEBUG;
				SWIFT_OPTIMIZATION_LEVEL = "-Onone";
			};
			name = Debug;
		};
		522B39DA293CA357000983DE /* Release */ = {
			isa = XCBuildConfiguration;
			buildSettings = {
				ALWAYS_SEARCH_USER_PATHS = NO;
				CLANG_ANALYZER_NONNULL = YES;
				CLANG_ANALYZER_NUMBER_OBJECT_CONVERSION = YES_AGGRESSIVE;
				CLANG_CXX_LANGUAGE_STANDARD = "gnu++20";
				CLANG_ENABLE_MODULES = YES;
				CLANG_ENABLE_OBJC_ARC = YES;
				CLANG_ENABLE_OBJC_WEAK = YES;
				CLANG_WARN_BLOCK_CAPTURE_AUTORELEASING = YES;
				CLANG_WARN_BOOL_CONVERSION = YES;
				CLANG_WARN_COMMA = YES;
				CLANG_WARN_CONSTANT_CONVERSION = YES;
				CLANG_WARN_DEPRECATED_OBJC_IMPLEMENTATIONS = YES;
				CLANG_WARN_DIRECT_OBJC_ISA_USAGE = YES_ERROR;
				CLANG_WARN_DOCUMENTATION_COMMENTS = YES;
				CLANG_WARN_EMPTY_BODY = YES;
				CLANG_WARN_ENUM_CONVERSION = YES;
				CLANG_WARN_INFINITE_RECURSION = YES;
				CLANG_WARN_INT_CONVERSION = YES;
				CLANG_WARN_NON_LITERAL_NULL_CONVERSION = YES;
				CLANG_WARN_OBJC_IMPLICIT_RETAIN_SELF = YES;
				CLANG_WARN_OBJC_LITERAL_CONVERSION = YES;
				CLANG_WARN_OBJC_ROOT_CLASS = YES_ERROR;
				CLANG_WARN_QUOTED_INCLUDE_IN_FRAMEWORK_HEADER = YES;
				CLANG_WARN_RANGE_LOOP_ANALYSIS = YES;
				CLANG_WARN_STRICT_PROTOTYPES = YES;
				CLANG_WARN_SUSPICIOUS_MOVE = YES;
				CLANG_WARN_UNGUARDED_AVAILABILITY = YES_AGGRESSIVE;
				CLANG_WARN_UNREACHABLE_CODE = YES;
				CLANG_WARN__DUPLICATE_METHOD_MATCH = YES;
				COPY_PHASE_STRIP = NO;
				DEBUG_INFORMATION_FORMAT = "dwarf-with-dsym";
				ENABLE_NS_ASSERTIONS = NO;
				ENABLE_STRICT_OBJC_MSGSEND = YES;
				GCC_C_LANGUAGE_STANDARD = gnu11;
				GCC_NO_COMMON_BLOCKS = YES;
				GCC_WARN_64_TO_32_BIT_CONVERSION = YES;
				GCC_WARN_ABOUT_RETURN_TYPE = YES_ERROR;
				GCC_WARN_UNDECLARED_SELECTOR = YES;
				GCC_WARN_UNINITIALIZED_AUTOS = YES_AGGRESSIVE;
				GCC_WARN_UNUSED_FUNCTION = YES;
				GCC_WARN_UNUSED_VARIABLE = YES;
				IPHONEOS_DEPLOYMENT_TARGET = 16.1;
				MTL_ENABLE_DEBUG_INFO = NO;
				MTL_FAST_MATH = YES;
				SDKROOT = iphoneos;
				SWIFT_COMPILATION_MODE = wholemodule;
				SWIFT_OPTIMIZATION_LEVEL = "-O";
				VALIDATE_PRODUCT = YES;
			};
			name = Release;
		};
		522B39DC293CA357000983DE /* Debug */ = {
			isa = XCBuildConfiguration;
			buildSettings = {
				ASSETCATALOG_COMPILER_APPICON_NAME = AppIcon;
				ASSETCATALOG_COMPILER_GLOBAL_ACCENT_COLOR_NAME = AccentColor;
				CODE_SIGN_STYLE = Automatic;
				CURRENT_PROJECT_VERSION = 1;
				DEVELOPMENT_TEAM = JDU8X493KS;
				GENERATE_INFOPLIST_FILE = YES;
				INFOPLIST_FILE = "EffectiveMobile-Test/Info.plist";
				INFOPLIST_KEY_UIApplicationSupportsIndirectInputEvents = YES;
				INFOPLIST_KEY_UILaunchStoryboardName = LaunchScreen;
				INFOPLIST_KEY_UISupportedInterfaceOrientations_iPad = "UIInterfaceOrientationPortrait UIInterfaceOrientationPortraitUpsideDown UIInterfaceOrientationLandscapeLeft UIInterfaceOrientationLandscapeRight";
				INFOPLIST_KEY_UISupportedInterfaceOrientations_iPhone = "UIInterfaceOrientationPortrait UIInterfaceOrientationLandscapeLeft UIInterfaceOrientationLandscapeRight";
				LD_RUNPATH_SEARCH_PATHS = (
					"$(inherited)",
					"@executable_path/Frameworks",
				);
				MARKETING_VERSION = 1.0;
				PRODUCT_BUNDLE_IDENTIFIER = "E.Mikhnevich.EffectiveMobile-Test";
				PRODUCT_NAME = "$(TARGET_NAME)";
				SWIFT_EMIT_LOC_STRINGS = YES;
				SWIFT_VERSION = 5.0;
				TARGETED_DEVICE_FAMILY = "1,2";
			};
			name = Debug;
		};
		522B39DD293CA357000983DE /* Release */ = {
			isa = XCBuildConfiguration;
			buildSettings = {
				ASSETCATALOG_COMPILER_APPICON_NAME = AppIcon;
				ASSETCATALOG_COMPILER_GLOBAL_ACCENT_COLOR_NAME = AccentColor;
				CODE_SIGN_STYLE = Automatic;
				CURRENT_PROJECT_VERSION = 1;
				DEVELOPMENT_TEAM = JDU8X493KS;
				GENERATE_INFOPLIST_FILE = YES;
				INFOPLIST_FILE = "EffectiveMobile-Test/Info.plist";
				INFOPLIST_KEY_UIApplicationSupportsIndirectInputEvents = YES;
				INFOPLIST_KEY_UILaunchStoryboardName = LaunchScreen;
				INFOPLIST_KEY_UISupportedInterfaceOrientations_iPad = "UIInterfaceOrientationPortrait UIInterfaceOrientationPortraitUpsideDown UIInterfaceOrientationLandscapeLeft UIInterfaceOrientationLandscapeRight";
				INFOPLIST_KEY_UISupportedInterfaceOrientations_iPhone = "UIInterfaceOrientationPortrait UIInterfaceOrientationLandscapeLeft UIInterfaceOrientationLandscapeRight";
				LD_RUNPATH_SEARCH_PATHS = (
					"$(inherited)",
					"@executable_path/Frameworks",
				);
				MARKETING_VERSION = 1.0;
				PRODUCT_BUNDLE_IDENTIFIER = "E.Mikhnevich.EffectiveMobile-Test";
				PRODUCT_NAME = "$(TARGET_NAME)";
				SWIFT_EMIT_LOC_STRINGS = YES;
				SWIFT_VERSION = 5.0;
				TARGETED_DEVICE_FAMILY = "1,2";
			};
			name = Release;
		};
/* End XCBuildConfiguration section */

/* Begin XCConfigurationList section */
		522B39BF293CA356000983DE /* Build configuration list for PBXProject "EffectiveMobile-Test" */ = {
			isa = XCConfigurationList;
			buildConfigurations = (
				522B39D9293CA357000983DE /* Debug */,
				522B39DA293CA357000983DE /* Release */,
			);
			defaultConfigurationIsVisible = 0;
			defaultConfigurationName = Release;
		};
		522B39DB293CA357000983DE /* Build configuration list for PBXNativeTarget "EffectiveMobile-Test" */ = {
			isa = XCConfigurationList;
			buildConfigurations = (
				522B39DC293CA357000983DE /* Debug */,
				522B39DD293CA357000983DE /* Release */,
			);
			defaultConfigurationIsVisible = 0;
			defaultConfigurationName = Release;
		};
/* End XCConfigurationList section */

/* Begin XCVersionGroup section */
		522B39D0293CA356000983DE /* EffectiveMobile_Test.xcdatamodeld */ = {
			isa = XCVersionGroup;
			children = (
				522B39D1293CA356000983DE /* EffectiveMobile_Test.xcdatamodel */,
			);
			currentVersion = 522B39D1293CA356000983DE /* EffectiveMobile_Test.xcdatamodel */;
			path = EffectiveMobile_Test.xcdatamodeld;
			sourceTree = "<group>";
			versionGroupType = wrapper.xcdatamodel;
		};
/* End XCVersionGroup section */
	};
	rootObject = 522B39BC293CA356000983DE /* Project object */;
}
