// !$*UTF8*$!
{
	archiveVersion = 1;
	classes = {
	};
	objectVersion = 56;
	objects = {

/* Begin PBXBuildFile section */
		522B39C8293CA356000983DE /* AppDelegate.swift in Sources */ = {isa = PBXBuildFile; fileRef = 522B39C7293CA356000983DE /* AppDelegate.swift */; };
		522B39CA293CA356000983DE /* SceneDelegate.swift in Sources */ = {isa = PBXBuildFile; fileRef = 522B39C9293CA356000983DE /* SceneDelegate.swift */; };
		522B39D2293CA356000983DE /* EffectiveMobile_Test.xcdatamodeld in Sources */ = {isa = PBXBuildFile; fileRef = 522B39D0293CA356000983DE /* EffectiveMobile_Test.xcdatamodeld */; };
		522B39D4293CA357000983DE /* Assets.xcassets in Resources */ = {isa = PBXBuildFile; fileRef = 522B39D3293CA357000983DE /* Assets.xcassets */; };
		522B39D7293CA357000983DE /* LaunchScreen.storyboard in Resources */ = {isa = PBXBuildFile; fileRef = 522B39D5293CA357000983DE /* LaunchScreen.storyboard */; };
		522B39E9293E520B000983DE /* AllProductsViewController.swift in Sources */ = {isa = PBXBuildFile; fileRef = 522B39E8293E520B000983DE /* AllProductsViewController.swift */; };
		522B39EB293E521E000983DE /* AllProductsView.swift in Sources */ = {isa = PBXBuildFile; fileRef = 522B39EA293E521E000983DE /* AllProductsView.swift */; };
		522B39F72940AF5E000983DE /* Mark-Pro.ttf in Resources */ = {isa = PBXBuildFile; fileRef = 522B39F32940AF5D000983DE /* Mark-Pro.ttf */; };
		522B39F82940AF5E000983DE /* MarkPro-Regular.ttf in Resources */ = {isa = PBXBuildFile; fileRef = 522B39F42940AF5E000983DE /* MarkPro-Regular.ttf */; };
		522B39F92940AF5E000983DE /* MarkPro-Medium.ttf in Resources */ = {isa = PBXBuildFile; fileRef = 522B39F52940AF5E000983DE /* MarkPro-Medium.ttf */; };
		522B39FA2940AF5E000983DE /* Mark-Pro-Bold.ttf in Resources */ = {isa = PBXBuildFile; fileRef = 522B39F62940AF5E000983DE /* Mark-Pro-Bold.ttf */; };
		522B39FC2940B71F000983DE /* SearchView.swift in Sources */ = {isa = PBXBuildFile; fileRef = 522B39FB2940B71F000983DE /* SearchView.swift */; };
		52F603882940DA91007D16D9 /* CategoriesData.swift in Sources */ = {isa = PBXBuildFile; fileRef = 52F603872940DA91007D16D9 /* CategoriesData.swift */; };
		52F6038C2940E53B007D16D9 /* CategoriesCollectionViewCell.swift in Sources */ = {isa = PBXBuildFile; fileRef = 52F6038B2940E53B007D16D9 /* CategoriesCollectionViewCell.swift */; };
		52F6038E2940F90E007D16D9 /* CategoriesViewModel.swift in Sources */ = {isa = PBXBuildFile; fileRef = 52F6038D2940F90E007D16D9 /* CategoriesViewModel.swift */; };
		52F6039529421CCD007D16D9 /* ViewSetuping.swift in Sources */ = {isa = PBXBuildFile; fileRef = 52F6039429421CCD007D16D9 /* ViewSetuping.swift */; };
		52F6039929422C79007D16D9 /* HotSalesViewController.swift in Sources */ = {isa = PBXBuildFile; fileRef = 52F6039829422C79007D16D9 /* HotSalesViewController.swift */; };
		52F6039B29422D40007D16D9 /* HotSalesView.swift in Sources */ = {isa = PBXBuildFile; fileRef = 52F6039A29422D40007D16D9 /* HotSalesView.swift */; };
		52F6039D2942589C007D16D9 /* HotSalesCollectionViewCell.swift in Sources */ = {isa = PBXBuildFile; fileRef = 52F6039C2942589C007D16D9 /* HotSalesCollectionViewCell.swift */; };
/* End PBXBuildFile section */

/* Begin PBXFileReference section */
		522B39C4293CA356000983DE /* EffectiveMobile-Test.app */ = {isa = PBXFileReference; explicitFileType = wrapper.application; includeInIndex = 0; path = "EffectiveMobile-Test.app"; sourceTree = BUILT_PRODUCTS_DIR; };
		522B39C7293CA356000983DE /* AppDelegate.swift */ = {isa = PBXFileReference; lastKnownFileType = sourcecode.swift; path = AppDelegate.swift; sourceTree = "<group>"; };
		522B39C9293CA356000983DE /* SceneDelegate.swift */ = {isa = PBXFileReference; lastKnownFileType = sourcecode.swift; path = SceneDelegate.swift; sourceTree = "<group>"; };
		522B39D1293CA356000983DE /* EffectiveMobile_Test.xcdatamodel */ = {isa = PBXFileReference; lastKnownFileType = wrapper.xcdatamodel; path = EffectiveMobile_Test.xcdatamodel; sourceTree = "<group>"; };
		522B39D3293CA357000983DE /* Assets.xcassets */ = {isa = PBXFileReference; lastKnownFileType = folder.assetcatalog; path = Assets.xcassets; sourceTree = "<group>"; };
		522B39D6293CA357000983DE /* Base */ = {isa = PBXFileReference; lastKnownFileType = file.storyboard; name = Base; path = Base.lproj/LaunchScreen.storyboard; sourceTree = "<group>"; };
		522B39D8293CA357000983DE /* Info.plist */ = {isa = PBXFileReference; lastKnownFileType = text.plist.xml; path = Info.plist; sourceTree = "<group>"; };
		522B39E8293E520B000983DE /* AllProductsViewController.swift */ = {isa = PBXFileReference; lastKnownFileType = sourcecode.swift; path = AllProductsViewController.swift; sourceTree = "<group>"; };
		522B39EA293E521E000983DE /* AllProductsView.swift */ = {isa = PBXFileReference; lastKnownFileType = sourcecode.swift; path = AllProductsView.swift; sourceTree = "<group>"; };
		522B39F32940AF5D000983DE /* Mark-Pro.ttf */ = {isa = PBXFileReference; lastKnownFileType = file; path = "Mark-Pro.ttf"; sourceTree = "<group>"; };
		522B39F42940AF5E000983DE /* MarkPro-Regular.ttf */ = {isa = PBXFileReference; lastKnownFileType = file; path = "MarkPro-Regular.ttf"; sourceTree = "<group>"; };
		522B39F52940AF5E000983DE /* MarkPro-Medium.ttf */ = {isa = PBXFileReference; lastKnownFileType = file; path = "MarkPro-Medium.ttf"; sourceTree = "<group>"; };
		522B39F62940AF5E000983DE /* Mark-Pro-Bold.ttf */ = {isa = PBXFileReference; lastKnownFileType = file; path = "Mark-Pro-Bold.ttf"; sourceTree = "<group>"; };
		522B39FB2940B71F000983DE /* SearchView.swift */ = {isa = PBXFileReference; lastKnownFileType = sourcecode.swift; path = SearchView.swift; sourceTree = "<group>"; };
		52F603872940DA91007D16D9 /* CategoriesData.swift */ = {isa = PBXFileReference; lastKnownFileType = sourcecode.swift; path = CategoriesData.swift; sourceTree = "<group>"; };
		52F6038B2940E53B007D16D9 /* CategoriesCollectionViewCell.swift */ = {isa = PBXFileReference; lastKnownFileType = sourcecode.swift; path = CategoriesCollectionViewCell.swift; sourceTree = "<group>"; };
		52F6038D2940F90E007D16D9 /* CategoriesViewModel.swift */ = {isa = PBXFileReference; lastKnownFileType = sourcecode.swift; path = CategoriesViewModel.swift; sourceTree = "<group>"; };
		52F6039429421CCD007D16D9 /* ViewSetuping.swift */ = {isa = PBXFileReference; lastKnownFileType = sourcecode.swift; path = ViewSetuping.swift; sourceTree = "<group>"; };
		52F6039829422C79007D16D9 /* HotSalesViewController.swift */ = {isa = PBXFileReference; lastKnownFileType = sourcecode.swift; path = HotSalesViewController.swift; sourceTree = "<group>"; };
		52F6039A29422D40007D16D9 /* HotSalesView.swift */ = {isa = PBXFileReference; lastKnownFileType = sourcecode.swift; path = HotSalesView.swift; sourceTree = "<group>"; };
		52F6039C2942589C007D16D9 /* HotSalesCollectionViewCell.swift */ = {isa = PBXFileReference; lastKnownFileType = sourcecode.swift; path = HotSalesCollectionViewCell.swift; sourceTree = "<group>"; };
/* End PBXFileReference section */

/* Begin PBXFrameworksBuildPhase section */
		522B39C1293CA356000983DE /* Frameworks */ = {
			isa = PBXFrameworksBuildPhase;
			buildActionMask = 2147483647;
			files = (
			);
			runOnlyForDeploymentPostprocessing = 0;
		};
/* End PBXFrameworksBuildPhase section */

/* Begin PBXGroup section */
		522B39BB293CA356000983DE = {
			isa = PBXGroup;
			children = (
				522B39C6293CA356000983DE /* EffectiveMobile-Test */,
				522B39C5293CA356000983DE /* Products */,
			);
			sourceTree = "<group>";
		};
		522B39C5293CA356000983DE /* Products */ = {
			isa = PBXGroup;
			children = (
				522B39C4293CA356000983DE /* EffectiveMobile-Test.app */,
			);
			name = Products;
			sourceTree = "<group>";
		};
		522B39C6293CA356000983DE /* EffectiveMobile-Test */ = {
			isa = PBXGroup;
			children = (
				52F6039129421C82007D16D9 /* GlobalProtocols */,
				522B39E2293E4CDA000983DE /* TabBar */,
				522B39DE293E4815000983DE /* LoadingScreen */,
				522B39DF293E483F000983DE /* AllProductsScreen */,
				522B39E0293E4864000983DE /* ProductDetailsScreen */,
				522B39E1293E4876000983DE /* CartScreen */,
				522B39E3293E4D2A000983DE /* FavouritesScreen */,
				522B39C7293CA356000983DE /* AppDelegate.swift */,
				522B39C9293CA356000983DE /* SceneDelegate.swift */,
				522B39D3293CA357000983DE /* Assets.xcassets */,
				522B39D5293CA357000983DE /* LaunchScreen.storyboard */,
				522B39D8293CA357000983DE /* Info.plist */,
				522B39EF2940AD27000983DE /* fonts */,
				522B39D0293CA356000983DE /* EffectiveMobile_Test.xcdatamodeld */,
			);
			path = "EffectiveMobile-Test";
			sourceTree = "<group>";
		};
		522B39DE293E4815000983DE /* LoadingScreen */ = {
			isa = PBXGroup;
			children = (
			);
			path = LoadingScreen;
			sourceTree = "<group>";
		};
		522B39DF293E483F000983DE /* AllProductsScreen */ = {
			isa = PBXGroup;
			children = (
				522B39E4293E50F3000983DE /* AllProductsModel */,
				522B39E5293E510A000983DE /* AllProductsViewModel */,
				522B39E7293E5124000983DE /* AllProductsView */,
			);
			path = AllProductsScreen;
			sourceTree = "<group>";
		};
		522B39E0293E4864000983DE /* ProductDetailsScreen */ = {
			isa = PBXGroup;
			children = (
			);
			path = ProductDetailsScreen;
			sourceTree = "<group>";
		};
		522B39E1293E4876000983DE /* CartScreen */ = {
			isa = PBXGroup;
			children = (
			);
			path = CartScreen;
			sourceTree = "<group>";
		};
		522B39E2293E4CDA000983DE /* TabBar */ = {
			isa = PBXGroup;
			children = (
			);
			path = TabBar;
			sourceTree = "<group>";
		};
		522B39E3293E4D2A000983DE /* FavouritesScreen */ = {
			isa = PBXGroup;
			children = (
			);
			path = FavouritesScreen;
			sourceTree = "<group>";
		};
		522B39E4293E50F3000983DE /* AllProductsModel */ = {
			isa = PBXGroup;
			children = (
				52F603872940DA91007D16D9 /* CategoriesData.swift */,
			);
			path = AllProductsModel;
			sourceTree = "<group>";
		};
		522B39E5293E510A000983DE /* AllProductsViewModel */ = {
			isa = PBXGroup;
			children = (
				52F6038D2940F90E007D16D9 /* CategoriesViewModel.swift */,
			);
			path = AllProductsViewModel;
			sourceTree = "<group>";
		};
		522B39E7293E5124000983DE /* AllProductsView */ = {
			isa = PBXGroup;
			children = (
				522B39E8293E520B000983DE /* AllProductsViewController.swift */,
				522B39EA293E521E000983DE /* AllProductsView.swift */,
				522B39FB2940B71F000983DE /* SearchView.swift */,
				52F6038B2940E53B007D16D9 /* CategoriesCollectionViewCell.swift */,
				52F6039829422C79007D16D9 /* HotSalesViewController.swift */,
				52F6039A29422D40007D16D9 /* HotSalesView.swift */,
				52F6039C2942589C007D16D9 /* HotSalesCollectionViewCell.swift */,
			);
			path = AllProductsView;
			sourceTree = "<group>";
		};
		522B39EF2940AD27000983DE /* fonts */ = {
			isa = PBXGroup;
			children = (
				522B39F62940AF5E000983DE /* Mark-Pro-Bold.ttf */,
				522B39F32940AF5D000983DE /* Mark-Pro.ttf */,
				522B39F52940AF5E000983DE /* MarkPro-Medium.ttf */,
				522B39F42940AF5E000983DE /* MarkPro-Regular.ttf */,
			);
			path = fonts;
			sourceTree = "<group>";
		};
		52F6039129421C82007D16D9 /* GlobalProtocols */ = {
			isa = PBXGroup;
			children = (
				52F6039429421CCD007D16D9 /* ViewSetuping.swift */,
			);
			path = GlobalProtocols;
			sourceTree = "<group>";
		};
/* End PBXGroup section */

/* Begin PBXNativeTarget section */
		522B39C3293CA356000983DE /* EffectiveMobile-Test */ = {
			isa = PBXNativeTarget;
			buildConfigurationList = 522B39DB293CA357000983DE /* Build configuration list for PBXNativeTarget "EffectiveMobile-Test" */;
			buildPhases = (
				522B39C0293CA356000983DE /* Sources */,
				522B39C1293CA356000983DE /* Frameworks */,
				522B39C2293CA356000983DE /* Resources */,
			);
			buildRules = (
			);
			dependencies = (
			);
			name = "EffectiveMobile-Test";
			productName = "EffectiveMobile-Test";
			productReference = 522B39C4293CA356000983DE /* EffectiveMobile-Test.app */;
			productType = "com.apple.product-type.application";
		};
/* End PBXNativeTarget section */

/* Begin PBXProject section */
		522B39BC293CA356000983DE /* Project object */ = {
			isa = PBXProject;
			attributes = {
				BuildIndependentTargetsInParallel = 1;
				LastSwiftUpdateCheck = 1410;
				LastUpgradeCheck = 1410;
				TargetAttributes = {
					522B39C3293CA356000983DE = {
						CreatedOnToolsVersion = 14.1;
					};
				};
			};
			buildConfigurationList = 522B39BF293CA356000983DE /* Build configuration list for PBXProject "EffectiveMobile-Test" */;
			compatibilityVersion = "Xcode 14.0";
			developmentRegion = en;
			hasScannedForEncodings = 0;
			knownRegions = (
				en,
				Base,
			);
			mainGroup = 522B39BB293CA356000983DE;
			productRefGroup = 522B39C5293CA356000983DE /* Products */;
			projectDirPath = "";
			projectRoot = "";
			targets = (
				522B39C3293CA356000983DE /* EffectiveMobile-Test */,
			);
		};
/* End PBXProject section */

/* Begin PBXResourcesBuildPhase section */
		522B39C2293CA356000983DE /* Resources */ = {
			isa = PBXResourcesBuildPhase;
			buildActionMask = 2147483647;
			files = (
				522B39FA2940AF5E000983DE /* Mark-Pro-Bold.ttf in Resources */,
				522B39F72940AF5E000983DE /* Mark-Pro.ttf in Resources */,
				522B39D7293CA357000983DE /* LaunchScreen.storyboard in Resources */,
				522B39F82940AF5E000983DE /* MarkPro-Regular.ttf in Resources */,
				522B39D4293CA357000983DE /* Assets.xcassets in Resources */,
				522B39F92940AF5E000983DE /* MarkPro-Medium.ttf in Resources */,
			);
			runOnlyForDeploymentPostprocessing = 0;
		};
/* End PBXResourcesBuildPhase section */

/* Begin PBXSourcesBuildPhase section */
		522B39C0293CA356000983DE /* Sources */ = {
			isa = PBXSourcesBuildPhase;
			buildActionMask = 2147483647;
			files = (
				52F6038C2940E53B007D16D9 /* CategoriesCollectionViewCell.swift in Sources */,
				522B39C8293CA356000983DE /* AppDelegate.swift in Sources */,
				52F6039D2942589C007D16D9 /* HotSalesCollectionViewCell.swift in Sources */,
				52F6039529421CCD007D16D9 /* ViewSetuping.swift in Sources */,
				52F6038E2940F90E007D16D9 /* CategoriesViewModel.swift in Sources */,
				522B39EB293E521E000983DE /* AllProductsView.swift in Sources */,
				522B39CA293CA356000983DE /* SceneDelegate.swift in Sources */,
				522B39E9293E520B000983DE /* AllProductsViewController.swift in Sources */,
				522B39FC2940B71F000983DE /* SearchView.swift in Sources */,
				522B39D2293CA356000983DE /* EffectiveMobile_Test.xcdatamodeld in Sources */,
				52F603882940DA91007D16D9 /* CategoriesData.swift in Sources */,
				52F6039929422C79007D16D9 /* HotSalesViewController.swift in Sources */,
				52F6039B29422D40007D16D9 /* HotSalesView.swift in Sources */,
			);
			runOnlyForDeploymentPostprocessing = 0;
		};
/* End PBXSourcesBuildPhase section */

/* Begin PBXVariantGroup section */
		522B39D5293CA357000983DE /* LaunchScreen.storyboard */ = {
			isa = PBXVariantGroup;
			children = (
				522B39D6293CA357000983DE /* Base */,
			);
			name = LaunchScreen.storyboard;
			sourceTree = "<group>";
		};
/* End PBXVariantGroup section */

/* Begin XCBuildConfiguration section */
		522B39D9293CA357000983DE /* Debug */ = {
			isa = XCBuildConfiguration;
			buildSettings = {
				ALWAYS_SEARCH_USER_PATHS = NO;
				CLANG_ANALYZER_NONNULL = YES;
				CLANG_ANALYZER_NUMBER_OBJECT_CONVERSION = YES_AGGRESSIVE;
				CLANG_CXX_LANGUAGE_STANDARD = "gnu++20";
				CLANG_ENABLE_MODULES = YES;
				CLANG_ENABLE_OBJC_ARC = YES;
				CLANG_ENABLE_OBJC_WEAK = YES;
				CLANG_WARN_BLOCK_CAPTURE_AUTORELEASING = YES;
				CLANG_WARN_BOOL_CONVERSION = YES;
				CLANG_WARN_COMMA = YES;
				CLANG_WARN_CONSTANT_CONVERSION = YES;
				CLANG_WARN_DEPRECATED_OBJC_IMPLEMENTATIONS = YES;
				CLANG_WARN_DIRECT_OBJC_ISA_USAGE = YES_ERROR;
				CLANG_WARN_DOCUMENTATION_COMMENTS = YES;
				CLANG_WARN_EMPTY_BODY = YES;
				CLANG_WARN_ENUM_CONVERSION = YES;
				CLANG_WARN_INFINITE_RECURSION = YES;
				CLANG_WARN_INT_CONVERSION = YES;
				CLANG_WARN_NON_LITERAL_NULL_CONVERSION = YES;
				CLANG_WARN_OBJC_IMPLICIT_RETAIN_SELF = YES;
				CLANG_WARN_OBJC_LITERAL_CONVERSION = YES;
				CLANG_WARN_OBJC_ROOT_CLASS = YES_ERROR;
				CLANG_WARN_QUOTED_INCLUDE_IN_FRAMEWORK_HEADER = YES;
				CLANG_WARN_RANGE_LOOP_ANALYSIS = YES;
				CLANG_WARN_STRICT_PROTOTYPES = YES;
				CLANG_WARN_SUSPICIOUS_MOVE = YES;
				CLANG_WARN_UNGUARDED_AVAILABILITY = YES_AGGRESSIVE;
				CLANG_WARN_UNREACHABLE_CODE = YES;
				CLANG_WARN__DUPLICATE_METHOD_MATCH = YES;
				COPY_PHASE_STRIP = NO;
				DEBUG_INFORMATION_FORMAT = dwarf;
				ENABLE_STRICT_OBJC_MSGSEND = YES;
				ENABLE_TESTABILITY = YES;
				GCC_C_LANGUAGE_STANDARD = gnu11;
				GCC_DYNAMIC_NO_PIC = NO;
				GCC_NO_COMMON_BLOCKS = YES;
				GCC_OPTIMIZATION_LEVEL = 0;
				GCC_PREPROCESSOR_DEFINITIONS = (
					"DEBUG=1",
					"$(inherited)",
				);
				GCC_WARN_64_TO_32_BIT_CONVERSION = YES;
				GCC_WARN_ABOUT_RETURN_TYPE = YES_ERROR;
				GCC_WARN_UNDECLARED_SELECTOR = YES;
				GCC_WARN_UNINITIALIZED_AUTOS = YES_AGGRESSIVE;
				GCC_WARN_UNUSED_FUNCTION = YES;
				GCC_WARN_UNUSED_VARIABLE = YES;
				IPHONEOS_DEPLOYMENT_TARGET = 16.1;
				MTL_ENABLE_DEBUG_INFO = INCLUDE_SOURCE;
				MTL_FAST_MATH = YES;
				ONLY_ACTIVE_ARCH = YES;
				SDKROOT = iphoneos;
				SWIFT_ACTIVE_COMPILATION_CONDITIONS = DEBUG;
				SWIFT_OPTIMIZATION_LEVEL = "-Onone";
			};
			name = Debug;
		};
		522B39DA293CA357000983DE /* Release */ = {
			isa = XCBuildConfiguration;
			buildSettings = {
				ALWAYS_SEARCH_USER_PATHS = NO;
				CLANG_ANALYZER_NONNULL = YES;
				CLANG_ANALYZER_NUMBER_OBJECT_CONVERSION = YES_AGGRESSIVE;
				CLANG_CXX_LANGUAGE_STANDARD = "gnu++20";
				CLANG_ENABLE_MODULES = YES;
				CLANG_ENABLE_OBJC_ARC = YES;
				CLANG_ENABLE_OBJC_WEAK = YES;
				CLANG_WARN_BLOCK_CAPTURE_AUTORELEASING = YES;
				CLANG_WARN_BOOL_CONVERSION = YES;
				CLANG_WARN_COMMA = YES;
				CLANG_WARN_CONSTANT_CONVERSION = YES;
				CLANG_WARN_DEPRECATED_OBJC_IMPLEMENTATIONS = YES;
				CLANG_WARN_DIRECT_OBJC_ISA_USAGE = YES_ERROR;
				CLANG_WARN_DOCUMENTATION_COMMENTS = YES;
				CLANG_WARN_EMPTY_BODY = YES;
				CLANG_WARN_ENUM_CONVERSION = YES;
				CLANG_WARN_INFINITE_RECURSION = YES;
				CLANG_WARN_INT_CONVERSION = YES;
				CLANG_WARN_NON_LITERAL_NULL_CONVERSION = YES;
				CLANG_WARN_OBJC_IMPLICIT_RETAIN_SELF = YES;
				CLANG_WARN_OBJC_LITERAL_CONVERSION = YES;
				CLANG_WARN_OBJC_ROOT_CLASS = YES_ERROR;
				CLANG_WARN_QUOTED_INCLUDE_IN_FRAMEWORK_HEADER = YES;
				CLANG_WARN_RANGE_LOOP_ANALYSIS = YES;
				CLANG_WARN_STRICT_PROTOTYPES = YES;
				CLANG_WARN_SUSPICIOUS_MOVE = YES;
				CLANG_WARN_UNGUARDED_AVAILABILITY = YES_AGGRESSIVE;
				CLANG_WARN_UNREACHABLE_CODE = YES;
				CLANG_WARN__DUPLICATE_METHOD_MATCH = YES;
				COPY_PHASE_STRIP = NO;
				DEBUG_INFORMATION_FORMAT = "dwarf-with-dsym";
				ENABLE_NS_ASSERTIONS = NO;
				ENABLE_STRICT_OBJC_MSGSEND = YES;
				GCC_C_LANGUAGE_STANDARD = gnu11;
				GCC_NO_COMMON_BLOCKS = YES;
				GCC_WARN_64_TO_32_BIT_CONVERSION = YES;
				GCC_WARN_ABOUT_RETURN_TYPE = YES_ERROR;
				GCC_WARN_UNDECLARED_SELECTOR = YES;
				GCC_WARN_UNINITIALIZED_AUTOS = YES_AGGRESSIVE;
				GCC_WARN_UNUSED_FUNCTION = YES;
				GCC_WARN_UNUSED_VARIABLE = YES;
				IPHONEOS_DEPLOYMENT_TARGET = 16.1;
				MTL_ENABLE_DEBUG_INFO = NO;
				MTL_FAST_MATH = YES;
				SDKROOT = iphoneos;
				SWIFT_COMPILATION_MODE = wholemodule;
				SWIFT_OPTIMIZATION_LEVEL = "-O";
				VALIDATE_PRODUCT = YES;
			};
			name = Release;
		};
		522B39DC293CA357000983DE /* Debug */ = {
			isa = XCBuildConfiguration;
			buildSettings = {
				ASSETCATALOG_COMPILER_APPICON_NAME = AppIcon;
				ASSETCATALOG_COMPILER_GLOBAL_ACCENT_COLOR_NAME = AccentColor;
				CODE_SIGN_STYLE = Automatic;
				CURRENT_PROJECT_VERSION = 1;
				DEVELOPMENT_TEAM = JDU8X493KS;
				GENERATE_INFOPLIST_FILE = YES;
				INFOPLIST_FILE = "EffectiveMobile-Test/Info.plist";
				INFOPLIST_KEY_UIApplicationSupportsIndirectInputEvents = YES;
				INFOPLIST_KEY_UILaunchStoryboardName = LaunchScreen;
				INFOPLIST_KEY_UISupportedInterfaceOrientations_iPad = "UIInterfaceOrientationPortrait UIInterfaceOrientationPortraitUpsideDown UIInterfaceOrientationLandscapeLeft UIInterfaceOrientationLandscapeRight";
				INFOPLIST_KEY_UISupportedInterfaceOrientations_iPhone = "UIInterfaceOrientationPortrait UIInterfaceOrientationLandscapeLeft UIInterfaceOrientationLandscapeRight";
				LD_RUNPATH_SEARCH_PATHS = (
					"$(inherited)",
					"@executable_path/Frameworks",
				);
				MARKETING_VERSION = 1.0;
				PRODUCT_BUNDLE_IDENTIFIER = "E.Mikhnevich.EffectiveMobile-Test";
				PRODUCT_NAME = "$(TARGET_NAME)";
				SWIFT_EMIT_LOC_STRINGS = YES;
				SWIFT_VERSION = 5.0;
				TARGETED_DEVICE_FAMILY = "1,2";
			};
			name = Debug;
		};
		522B39DD293CA357000983DE /* Release */ = {
			isa = XCBuildConfiguration;
			buildSettings = {
				ASSETCATALOG_COMPILER_APPICON_NAME = AppIcon;
				ASSETCATALOG_COMPILER_GLOBAL_ACCENT_COLOR_NAME = AccentColor;
				CODE_SIGN_STYLE = Automatic;
				CURRENT_PROJECT_VERSION = 1;
				DEVELOPMENT_TEAM = JDU8X493KS;
				GENERATE_INFOPLIST_FILE = YES;
				INFOPLIST_FILE = "EffectiveMobile-Test/Info.plist";
				INFOPLIST_KEY_UIApplicationSupportsIndirectInputEvents = YES;
				INFOPLIST_KEY_UILaunchStoryboardName = LaunchScreen;
				INFOPLIST_KEY_UISupportedInterfaceOrientations_iPad = "UIInterfaceOrientationPortrait UIInterfaceOrientationPortraitUpsideDown UIInterfaceOrientationLandscapeLeft UIInterfaceOrientationLandscapeRight";
				INFOPLIST_KEY_UISupportedInterfaceOrientations_iPhone = "UIInterfaceOrientationPortrait UIInterfaceOrientationLandscapeLeft UIInterfaceOrientationLandscapeRight";
				LD_RUNPATH_SEARCH_PATHS = (
					"$(inherited)",
					"@executable_path/Frameworks",
				);
				MARKETING_VERSION = 1.0;
				PRODUCT_BUNDLE_IDENTIFIER = "E.Mikhnevich.EffectiveMobile-Test";
				PRODUCT_NAME = "$(TARGET_NAME)";
				SWIFT_EMIT_LOC_STRINGS = YES;
				SWIFT_VERSION = 5.0;
				TARGETED_DEVICE_FAMILY = "1,2";
			};
			name = Release;
		};
/* End XCBuildConfiguration section */

/* Begin XCConfigurationList section */
		522B39BF293CA356000983DE /* Build configuration list for PBXProject "EffectiveMobile-Test" */ = {
			isa = XCConfigurationList;
			buildConfigurations = (
				522B39D9293CA357000983DE /* Debug */,
				522B39DA293CA357000983DE /* Release */,
			);
			defaultConfigurationIsVisible = 0;
			defaultConfigurationName = Release;
		};
		522B39DB293CA357000983DE /* Build configuration list for PBXNativeTarget "EffectiveMobile-Test" */ = {
			isa = XCConfigurationList;
			buildConfigurations = (
				522B39DC293CA357000983DE /* Debug */,
				522B39DD293CA357000983DE /* Release */,
			);
			defaultConfigurationIsVisible = 0;
			defaultConfigurationName = Release;
		};
/* End XCConfigurationList section */

/* Begin XCVersionGroup section */
		522B39D0293CA356000983DE /* EffectiveMobile_Test.xcdatamodeld */ = {
			isa = XCVersionGroup;
			children = (
				522B39D1293CA356000983DE /* EffectiveMobile_Test.xcdatamodel */,
			);
			currentVersion = 522B39D1293CA356000983DE /* EffectiveMobile_Test.xcdatamodel */;
			path = EffectiveMobile_Test.xcdatamodeld;
			sourceTree = "<group>";
			versionGroupType = wrapper.xcdatamodel;
		};
/* End XCVersionGroup section */
	};
	rootObject = 522B39BC293CA356000983DE /* Project object */;
}
